
Microsoft Visual Studio Solution File, Format Version 12.00
# Visual Studio Version 16
VisualStudioVersion = 16.0.29230.47
MinimumVisualStudioVersion = 10.0.40219.1
Project("{FAE04EC0-301F-11D3-BF4B-00C04F79EFBC}") = "Fit_5032_NewCar", "Fit_5032_NewCar\Fit_5032_NewCar.csproj", "{59ACAC7B-25FF-4437-A64B-8F1593DEF5BE}"
EndProject
Global
	GlobalSection(SolutionConfigurationPlatforms) = preSolution
		Debug|Any CPU = Debug|Any CPU
		Release|Any CPU = Release|Any CPU
	EndGlobalSection
	GlobalSection(ProjectConfigurationPlatforms) = postSolution
		{59ACAC7B-25FF-4437-A64B-8F1593DEF5BE}.Debug|Any CPU.ActiveCfg = Debug|Any CPU
		{59ACAC7B-25FF-4437-A64B-8F1593DEF5BE}.Debug|Any CPU.Build.0 = Debug|Any CPU
		{59ACAC7B-25FF-4437-A64B-8F1593DEF5BE}.Release|Any CPU.ActiveCfg = Release|Any CPU
		{59ACAC7B-25FF-4437-A64B-8F1593DEF5BE}.Release|Any CPU.Build.0 = Release|Any CPU
	EndGlobalSection
	GlobalSection(SolutionProperties) = preSolution
		HideSolutionNode = FALSE
	EndGlobalSection
	GlobalSection(ExtensibilityGlobals) = postSolution
		SolutionGuid = {826206D5-A3A2-467B-B875-FE10926B4E1A}
	EndGlobalSection
EndGlobal
